Microsoft Visual Studio Solution File, Format Version 12.00
# Visual Studio 15
VisualStudioVersion = 15.0.26124.0
MinimumVisualStudioVersion = 15.0.26124.0
Project("{9A19103F-16F7-4668-BE54-9A1E7A4F7556}") = "AbstractFactory.App", "AbstractFactory.App\AbstractFactory.App.csproj", "{5F834170-A346-40B8-934F-73C2F8DF813E}"
EndProject
Global
	GlobalSection(SolutionConfigurationPlatforms) = preSolution
		Debug|Any CPU = Debug|Any CPU
		Debug|x64 = Debug|x64
		Debug|x86 = Debug|x86
		Release|Any CPU = Release|Any CPU
		Release|x64 = Release|x64
		Release|x86 = Release|x86
	EndGlobalSection
	GlobalSection(ProjectConfigurationPlatforms) = postSolution
		{5F834170-A346-40B8-934F-73C2F8DF813E}.Debug|Any CPU.ActiveCfg = Debug|Any CPU
		{5F834170-A346-40B8-934F-73C2F8DF813E}.Debug|Any CPU.Build.0 = Debug|Any CPU
		{5F834170-A346-40B8-934F-73C2F8DF813E}.Debug|x64.ActiveCfg = Debug|Any CPU
		{5F834170-A346-40B8-934F-73C2F8DF813E}.Debug|x64.Build.0 = Debug|Any CPU
		{5F834170-A346-40B8-934F-73C2F8DF813E}.Debug|x86.ActiveCfg = Debug|Any CPU
		{5F834170-A346-40B8-934F-73C2F8DF813E}.Debug|x86.Build.0 = Debug|Any CPU
		{5F834170-A346-40B8-934F-73C2F8DF813E}.Release|Any CPU.ActiveCfg = Release|Any CPU
		{5F834170-A346-40B8-934F-73C2F8DF813E}.Release|Any CPU.Build.0 = Release|Any CPU
		{5F834170-A346-40B8-934F-73C2F8DF813E}.Release|x64.ActiveCfg = Release|Any CPU
		{5F834170-A346-40B8-934F-73C2F8DF813E}.Release|x64.Build.0 = Release|Any CPU
		{5F834170-A346-40B8-934F-73C2F8DF813E}.Release|x86.ActiveCfg = Release|Any CPU
		{5F834170-A346-40B8-934F-73C2F8DF813E}.Release|x86.Build.0 = Release|Any CPU
	EndGlobalSection
	GlobalSection(SolutionProperties) = preSolution
		HideSolutionNode = FALSE
	EndGlobalSection
	GlobalSection(ExtensibilityGlobals) = postSolution
		SolutionGuid = {267463AB-5073-42A9-9780-B1CFEA1497CB}
	EndGlobalSection
EndGlobal
